
Microsoft Visual Studio Solution File, Format Version 12.00
# Visual Studio Version 16
VisualStudioVersion = 16.0.30621.155
MinimumVisualStudioVersion = 10.0.40219.1
Project("{FAE04EC0-301F-11D3-BF4B-00C04F79EFBC}") = "Shop_server", "Shop_server\Shop_server.csproj", "{8255E77C-2271-4A47-81E0-C3026289E7DA}"
EndProject
Global
	GlobalSection(SolutionConfigurationPlatforms) = preSolution
		Debug|Any CPU = Debug|Any CPU
		Release|Any CPU = Release|Any CPU
	EndGlobalSection
	GlobalSection(ProjectConfigurationPlatforms) = postSolution
		{8255E77C-2271-4A47-81E0-C3026289E7DA}.Debug|Any CPU.ActiveCfg = Debug|Any CPU
		{8255E77C-2271-4A47-81E0-C3026289E7DA}.Debug|Any CPU.Build.0 = Debug|Any CPU
		{8255E77C-2271-4A47-81E0-C3026289E7DA}.Release|Any CPU.ActiveCfg = Release|Any CPU
		{8255E77C-2271-4A47-81E0-C3026289E7DA}.Release|Any CPU.Build.0 = Release|Any CPU
	EndGlobalSection
	GlobalSection(SolutionProperties) = preSolution
		HideSolutionNode = FALSE
	EndGlobalSection
	GlobalSection(ExtensibilityGlobals) = postSolution
		SolutionGuid = {AC921F83-7CBD-4864-BA4B-05C8CA64C1DF}
	EndGlobalSection
EndGlobal
